uuid: b00c38ff-036c-4ea7-8d2a-7fd7fc8646f4
langcode: en
status: true
dependencies:
  module:
    - nodes_block
  theme:
    - custom_theme
id: custom_theme_nodesblock
theme: custom_theme
region: sidebar_first
weight: -5
provider: null
plugin: nodes_block
settings:
  id: nodes_block
  label: 'Nodes block'
  provider: nodes_block
  label_display: visible
  hello_block_name: null
  nodes_block:
    number: '1'
    type:
      article: article
      page: page
visibility: {  }
